// !$*UTF8*$!
{
	archiveVersion = 1;
	classes = {
	};
	objectVersion = 50;
	objects = {

/* Begin PBXBuildFile section */
		070DCC15278E22470013BEF4 /* AppDelegate.swift in Sources */ = {isa = PBXBuildFile; fileRef = 070DCC14278E22470013BEF4 /* AppDelegate.swift */; };
		070DCC17278E22470013BEF4 /* SceneDelegate.swift in Sources */ = {isa = PBXBuildFile; fileRef = 070DCC16278E22470013BEF4 /* SceneDelegate.swift */; };
		070DCC1E278E22470013BEF4 /* Assets.xcassets in Resources */ = {isa = PBXBuildFile; fileRef = 070DCC1D278E22470013BEF4 /* Assets.xcassets */; };
		070DCC21278E22470013BEF4 /* LaunchScreen.storyboard in Resources */ = {isa = PBXBuildFile; fileRef = 070DCC1F278E22470013BEF4 /* LaunchScreen.storyboard */; };
		070DCC2A278E29300013BEF4 /* FoodCategory.swift in Sources */ = {isa = PBXBuildFile; fileRef = 070DCC29278E29300013BEF4 /* FoodCategory.swift */; };
		070DCC2D278E2D370013BEF4 /* NetworkManager.swift in Sources */ = {isa = PBXBuildFile; fileRef = 070DCC2C278E2D370013BEF4 /* NetworkManager.swift */; };
		070DCC2F278E358F0013BEF4 /* Meals.swift in Sources */ = {isa = PBXBuildFile; fileRef = 070DCC2E278E358F0013BEF4 /* Meals.swift */; };
		070DCC32278E39E60013BEF4 /* ErrorMessage.swift in Sources */ = {isa = PBXBuildFile; fileRef = 070DCC31278E39E60013BEF4 /* ErrorMessage.swift */; };
		070DCC34278E5F970013BEF4 /* MealRecipe.swift in Sources */ = {isa = PBXBuildFile; fileRef = 070DCC33278E5F970013BEF4 /* MealRecipe.swift */; };
		070DCC37278E67070013BEF4 /* RATitleLabel.swift in Sources */ = {isa = PBXBuildFile; fileRef = 070DCC36278E67070013BEF4 /* RATitleLabel.swift */; };
		070DCC39278E691D0013BEF4 /* RABodyLabel.swift in Sources */ = {isa = PBXBuildFile; fileRef = 070DCC38278E691D0013BEF4 /* RABodyLabel.swift */; };
		070DCC3B278E6B720013BEF4 /* RASecondaryTitleLabel.swift in Sources */ = {isa = PBXBuildFile; fileRef = 070DCC3A278E6B720013BEF4 /* RASecondaryTitleLabel.swift */; };
		070DCC3E278E72B20013BEF4 /* CategoryListVC.swift in Sources */ = {isa = PBXBuildFile; fileRef = 070DCC3D278E72B20013BEF4 /* CategoryListVC.swift */; };
		070DCC40278E76EF0013BEF4 /* UIView+Ext.swift in Sources */ = {isa = PBXBuildFile; fileRef = 070DCC3F278E76EF0013BEF4 /* UIView+Ext.swift */; };
		070DCC43278E7D660013BEF4 /* CategoryCell.swift in Sources */ = {isa = PBXBuildFile; fileRef = 070DCC42278E7D660013BEF4 /* CategoryCell.swift */; };
		070DCC45278F701A0013BEF4 /* RAAlertVC.swift in Sources */ = {isa = PBXBuildFile; fileRef = 070DCC44278F701A0013BEF4 /* RAAlertVC.swift */; };
		070DCC48278F709B0013BEF4 /* RAAlertContainerView.swift in Sources */ = {isa = PBXBuildFile; fileRef = 070DCC47278F709B0013BEF4 /* RAAlertContainerView.swift */; };
		070DCC4B278F73B10013BEF4 /* RAButton.swift in Sources */ = {isa = PBXBuildFile; fileRef = 070DCC4A278F73B10013BEF4 /* RAButton.swift */; };
		070DCC4F278F7F8F0013BEF4 /* UIViewController+Ext.swift in Sources */ = {isa = PBXBuildFile; fileRef = 070DCC4E278F7F8F0013BEF4 /* UIViewController+Ext.swift */; };
		070DCC51278F99D40013BEF4 /* Category.swift in Sources */ = {isa = PBXBuildFile; fileRef = 070DCC50278F99D40013BEF4 /* Category.swift */; };
		070DCC53279090F00013BEF4 /* Meal.swift in Sources */ = {isa = PBXBuildFile; fileRef = 070DCC52279090F00013BEF4 /* Meal.swift */; };
		070DCC55279092320013BEF4 /* MealListVC.swift in Sources */ = {isa = PBXBuildFile; fileRef = 070DCC54279092320013BEF4 /* MealListVC.swift */; };
		070DCC57279093D50013BEF4 /* MealCell.swift in Sources */ = {isa = PBXBuildFile; fileRef = 070DCC56279093D50013BEF4 /* MealCell.swift */; };
		070DCC59279122070013BEF4 /* RADataLoadingVC.swift in Sources */ = {isa = PBXBuildFile; fileRef = 070DCC58279122070013BEF4 /* RADataLoadingVC.swift */; };
		070DCC5B27912E260013BEF4 /* Recipes.swift in Sources */ = {isa = PBXBuildFile; fileRef = 070DCC5A27912E260013BEF4 /* Recipes.swift */; };
		070DCC5D27912F250013BEF4 /* RecipeVC.swift in Sources */ = {isa = PBXBuildFile; fileRef = 070DCC5C27912F250013BEF4 /* RecipeVC.swift */; };
/* End PBXBuildFile section */

/* Begin PBXFileReference section */
		070DCC11278E22470013BEF4 /* Recipe App.app */ = {isa = PBXFileReference; explicitFileType = wrapper.application; includeInIndex = 0; path = "Recipe App.app"; sourceTree = BUILT_PRODUCTS_DIR; };
		070DCC14278E22470013BEF4 /* AppDelegate.swift */ = {isa = PBXFileReference; lastKnownFileType = sourcecode.swift; path = AppDelegate.swift; sourceTree = "<group>"; };
		070DCC16278E22470013BEF4 /* SceneDelegate.swift */ = {isa = PBXFileReference; lastKnownFileType = sourcecode.swift; path = SceneDelegate.swift; sourceTree = "<group>"; };
		070DCC1D278E22470013BEF4 /* Assets.xcassets */ = {isa = PBXFileReference; lastKnownFileType = folder.assetcatalog; path = Assets.xcassets; sourceTree = "<group>"; };
		070DCC20278E22470013BEF4 /* Base */ = {isa = PBXFileReference; lastKnownFileType = file.storyboard; name = Base; path = Base.lproj/LaunchScreen.storyboard; sourceTree = "<group>"; };
		070DCC22278E22470013BEF4 /* Info.plist */ = {isa = PBXFileReference; lastKnownFileType = text.plist.xml; path = Info.plist; sourceTree = "<group>"; };
		070DCC29278E29300013BEF4 /* FoodCategory.swift */ = {isa = PBXFileReference; lastKnownFileType = sourcecode.swift; path = FoodCategory.swift; sourceTree = "<group>"; };
		070DCC2C278E2D370013BEF4 /* NetworkManager.swift */ = {isa = PBXFileReference; lastKnownFileType = sourcecode.swift; path = NetworkManager.swift; sourceTree = "<group>"; };
		070DCC2E278E358F0013BEF4 /* Meals.swift */ = {isa = PBXFileReference; lastKnownFileType = sourcecode.swift; path = Meals.swift; sourceTree = "<group>"; };
		070DCC31278E39E60013BEF4 /* ErrorMessage.swift */ = {isa = PBXFileReference; lastKnownFileType = sourcecode.swift; path = ErrorMessage.swift; sourceTree = "<group>"; };
		070DCC33278E5F970013BEF4 /* MealRecipe.swift */ = {isa = PBXFileReference; lastKnownFileType = sourcecode.swift; path = MealRecipe.swift; sourceTree = "<group>"; };
		070DCC36278E67070013BEF4 /* RATitleLabel.swift */ = {isa = PBXFileReference; lastKnownFileType = sourcecode.swift; path = RATitleLabel.swift; sourceTree = "<group>"; };
		070DCC38278E691D0013BEF4 /* RABodyLabel.swift */ = {isa = PBXFileReference; lastKnownFileType = sourcecode.swift; path = RABodyLabel.swift; sourceTree = "<group>"; };
		070DCC3A278E6B720013BEF4 /* RASecondaryTitleLabel.swift */ = {isa = PBXFileReference; lastKnownFileType = sourcecode.swift; path = RASecondaryTitleLabel.swift; sourceTree = "<group>"; };
		070DCC3D278E72B20013BEF4 /* CategoryListVC.swift */ = {isa = PBXFileReference; lastKnownFileType = sourcecode.swift; path = CategoryListVC.swift; sourceTree = "<group>"; };
		070DCC3F278E76EF0013BEF4 /* UIView+Ext.swift */ = {isa = PBXFileReference; lastKnownFileType = sourcecode.swift; path = "UIView+Ext.swift"; sourceTree = "<group>"; };
		070DCC42278E7D660013BEF4 /* CategoryCell.swift */ = {isa = PBXFileReference; lastKnownFileType = sourcecode.swift; path = CategoryCell.swift; sourceTree = "<group>"; };
		070DCC44278F701A0013BEF4 /* RAAlertVC.swift */ = {isa = PBXFileReference; lastKnownFileType = sourcecode.swift; path = RAAlertVC.swift; sourceTree = "<group>"; };
		070DCC47278F709B0013BEF4 /* RAAlertContainerView.swift */ = {isa = PBXFileReference; lastKnownFileType = sourcecode.swift; path = RAAlertContainerView.swift; sourceTree = "<group>"; };
		070DCC4A278F73B10013BEF4 /* RAButton.swift */ = {isa = PBXFileReference; lastKnownFileType = sourcecode.swift; path = RAButton.swift; sourceTree = "<group>"; };
		070DCC4E278F7F8F0013BEF4 /* UIViewController+Ext.swift */ = {isa = PBXFileReference; lastKnownFileType = sourcecode.swift; path = "UIViewController+Ext.swift"; sourceTree = "<group>"; };
		070DCC50278F99D40013BEF4 /* Category.swift */ = {isa = PBXFileReference; lastKnownFileType = sourcecode.swift; path = Category.swift; sourceTree = "<group>"; };
		070DCC52279090F00013BEF4 /* Meal.swift */ = {isa = PBXFileReference; lastKnownFileType = sourcecode.swift; path = Meal.swift; sourceTree = "<group>"; };
		070DCC54279092320013BEF4 /* MealListVC.swift */ = {isa = PBXFileReference; lastKnownFileType = sourcecode.swift; path = MealListVC.swift; sourceTree = "<group>"; };
		070DCC56279093D50013BEF4 /* MealCell.swift */ = {isa = PBXFileReference; lastKnownFileType = sourcecode.swift; path = MealCell.swift; sourceTree = "<group>"; };
		070DCC58279122070013BEF4 /* RADataLoadingVC.swift */ = {isa = PBXFileReference; lastKnownFileType = sourcecode.swift; path = RADataLoadingVC.swift; sourceTree = "<group>"; };
		070DCC5A27912E260013BEF4 /* Recipes.swift */ = {isa = PBXFileReference; lastKnownFileType = sourcecode.swift; path = Recipes.swift; sourceTree = "<group>"; };
		070DCC5C27912F250013BEF4 /* RecipeVC.swift */ = {isa = PBXFileReference; lastKnownFileType = sourcecode.swift; path = RecipeVC.swift; sourceTree = "<group>"; };
/* End PBXFileReference section */

/* Begin PBXFrameworksBuildPhase section */
		070DCC0E278E22470013BEF4 /* Frameworks */ = {
			isa = PBXFrameworksBuildPhase;
			buildActionMask = 2147483647;
			files = (
			);
			runOnlyForDeploymentPostprocessing = 0;
		};
/* End PBXFrameworksBuildPhase section */

/* Begin PBXGroup section */
		070DCC08278E22470013BEF4 = {
			isa = PBXGroup;
			children = (
				070DCC13278E22470013BEF4 /* Recipe App */,
				070DCC12278E22470013BEF4 /* Products */,
			);
			sourceTree = "<group>";
		};
		070DCC12278E22470013BEF4 /* Products */ = {
			isa = PBXGroup;
			children = (
				070DCC11278E22470013BEF4 /* Recipe App.app */,
			);
			name = Products;
			sourceTree = "<group>";
		};
		070DCC13278E22470013BEF4 /* Recipe App */ = {
			isa = PBXGroup;
			children = (
				070DCC28278E290A0013BEF4 /* Model */,
				070DCC46278F70740013BEF4 /* Views */,
				070DCC3C278E72630013BEF4 /* ViewControllers */,
				070DCC49278F73950013BEF4 /* Buttons */,
				070DCC41278E7D2A0013BEF4 /* Cells */,
				070DCC35278E66A40013BEF4 /* Labels */,
				070DCC2B278E2D1F0013BEF4 /* Managers */,
				070DCC30278E39C40013BEF4 /* Utilities */,
				070DCC14278E22470013BEF4 /* AppDelegate.swift */,
				070DCC16278E22470013BEF4 /* SceneDelegate.swift */,
				070DCC1D278E22470013BEF4 /* Assets.xcassets */,
				070DCC1F278E22470013BEF4 /* LaunchScreen.storyboard */,
				070DCC22278E22470013BEF4 /* Info.plist */,
			);
			path = "Recipe App";
			sourceTree = "<group>";
		};
		070DCC28278E290A0013BEF4 /* Model */ = {
			isa = PBXGroup;
			children = (
				070DCC29278E29300013BEF4 /* FoodCategory.swift */,
				070DCC50278F99D40013BEF4 /* Category.swift */,
				070DCC2E278E358F0013BEF4 /* Meals.swift */,
				070DCC52279090F00013BEF4 /* Meal.swift */,
				070DCC33278E5F970013BEF4 /* MealRecipe.swift */,
				070DCC5A27912E260013BEF4 /* Recipes.swift */,
			);
			path = Model;
			sourceTree = "<group>";
		};
		070DCC2B278E2D1F0013BEF4 /* Managers */ = {
			isa = PBXGroup;
			children = (
				070DCC2C278E2D370013BEF4 /* NetworkManager.swift */,
			);
			path = Managers;
			sourceTree = "<group>";
		};
		070DCC30278E39C40013BEF4 /* Utilities */ = {
			isa = PBXGroup;
			children = (
				070DCC31278E39E60013BEF4 /* ErrorMessage.swift */,
				070DCC3F278E76EF0013BEF4 /* UIView+Ext.swift */,
				070DCC4E278F7F8F0013BEF4 /* UIViewController+Ext.swift */,
			);
			path = Utilities;
			sourceTree = "<group>";
		};
		070DCC35278E66A40013BEF4 /* Labels */ = {
			isa = PBXGroup;
			children = (
				070DCC36278E67070013BEF4 /* RATitleLabel.swift */,
				070DCC38278E691D0013BEF4 /* RABodyLabel.swift */,
				070DCC3A278E6B720013BEF4 /* RASecondaryTitleLabel.swift */,
			);
			path = Labels;
			sourceTree = "<group>";
		};
		070DCC3C278E72630013BEF4 /* ViewControllers */ = {
			isa = PBXGroup;
			children = (
				070DCC3D278E72B20013BEF4 /* CategoryListVC.swift */,
				070DCC54279092320013BEF4 /* MealListVC.swift */,
				070DCC5C27912F250013BEF4 /* RecipeVC.swift */,
				070DCC44278F701A0013BEF4 /* RAAlertVC.swift */,
				070DCC58279122070013BEF4 /* RADataLoadingVC.swift */,
			);
			path = ViewControllers;
			sourceTree = "<group>";
		};
		070DCC41278E7D2A0013BEF4 /* Cells */ = {
			isa = PBXGroup;
			children = (
				070DCC42278E7D660013BEF4 /* CategoryCell.swift */,
				070DCC56279093D50013BEF4 /* MealCell.swift */,
			);
			path = Cells;
			sourceTree = "<group>";
		};
		070DCC46278F70740013BEF4 /* Views */ = {
			isa = PBXGroup;
			children = (
				070DCC47278F709B0013BEF4 /* RAAlertContainerView.swift */,
			);
			path = Views;
			sourceTree = "<group>";
		};
		070DCC49278F73950013BEF4 /* Buttons */ = {
			isa = PBXGroup;
			children = (
				070DCC4A278F73B10013BEF4 /* RAButton.swift */,
			);
			path = Buttons;
			sourceTree = "<group>";
		};
/* End PBXGroup section */

/* Begin PBXNativeTarget section */
		070DCC10278E22470013BEF4 /* Recipe App */ = {
			isa = PBXNativeTarget;
			buildConfigurationList = 070DCC25278E22470013BEF4 /* Build configuration list for PBXNativeTarget "Recipe App" */;
			buildPhases = (
				070DCC0D278E22470013BEF4 /* Sources */,
				070DCC0E278E22470013BEF4 /* Frameworks */,
				070DCC0F278E22470013BEF4 /* Resources */,
			);
			buildRules = (
			);
			dependencies = (
			);
			name = "Recipe App";
			productName = "Recipe App";
			productReference = 070DCC11278E22470013BEF4 /* Recipe App.app */;
			productType = "com.apple.product-type.application";
		};
/* End PBXNativeTarget section */

/* Begin PBXProject section */
		070DCC09278E22470013BEF4 /* Project object */ = {
			isa = PBXProject;
			attributes = {
				LastSwiftUpdateCheck = 1250;
				LastUpgradeCheck = 1250;
				TargetAttributes = {
					070DCC10278E22470013BEF4 = {
						CreatedOnToolsVersion = 12.5.1;
					};
				};
			};
			buildConfigurationList = 070DCC0C278E22470013BEF4 /* Build configuration list for PBXProject "Recipe App" */;
			compatibilityVersion = "Xcode 9.3";
			developmentRegion = en;
			hasScannedForEncodings = 0;
			knownRegions = (
				en,
				Base,
			);
			mainGroup = 070DCC08278E22470013BEF4;
			productRefGroup = 070DCC12278E22470013BEF4 /* Products */;
			projectDirPath = "";
			projectRoot = "";
			targets = (
				070DCC10278E22470013BEF4 /* Recipe App */,
			);
		};
/* End PBXProject section */

/* Begin PBXResourcesBuildPhase section */
		070DCC0F278E22470013BEF4 /* Resources */ = {
			isa = PBXResourcesBuildPhase;
			buildActionMask = 2147483647;
			files = (
				070DCC21278E22470013BEF4 /* LaunchScreen.storyboard in Resources */,
				070DCC1E278E22470013BEF4 /* Assets.xcassets in Resources */,
			);
			runOnlyForDeploymentPostprocessing = 0;
		};
/* End PBXResourcesBuildPhase section */

/* Begin PBXSourcesBuildPhase section */
		070DCC0D278E22470013BEF4 /* Sources */ = {
			isa = PBXSourcesBuildPhase;
			buildActionMask = 2147483647;
			files = (
				070DCC43278E7D660013BEF4 /* CategoryCell.swift in Sources */,
				070DCC2F278E358F0013BEF4 /* Meals.swift in Sources */,
				070DCC4F278F7F8F0013BEF4 /* UIViewController+Ext.swift in Sources */,
				070DCC57279093D50013BEF4 /* MealCell.swift in Sources */,
				070DCC37278E67070013BEF4 /* RATitleLabel.swift in Sources */,
				070DCC32278E39E60013BEF4 /* ErrorMessage.swift in Sources */,
				070DCC51278F99D40013BEF4 /* Category.swift in Sources */,
				070DCC48278F709B0013BEF4 /* RAAlertContainerView.swift in Sources */,
				070DCC3E278E72B20013BEF4 /* CategoryListVC.swift in Sources */,
				070DCC3B278E6B720013BEF4 /* RASecondaryTitleLabel.swift in Sources */,
				070DCC53279090F00013BEF4 /* Meal.swift in Sources */,
				070DCC34278E5F970013BEF4 /* MealRecipe.swift in Sources */,
				070DCC4B278F73B10013BEF4 /* RAButton.swift in Sources */,
				070DCC2A278E29300013BEF4 /* FoodCategory.swift in Sources */,
				070DCC2D278E2D370013BEF4 /* NetworkManager.swift in Sources */,
				070DCC40278E76EF0013BEF4 /* UIView+Ext.swift in Sources */,
				070DCC55279092320013BEF4 /* MealListVC.swift in Sources */,
				070DCC45278F701A0013BEF4 /* RAAlertVC.swift in Sources */,
				070DCC5D27912F250013BEF4 /* RecipeVC.swift in Sources */,
				070DCC59279122070013BEF4 /* RADataLoadingVC.swift in Sources */,
				070DCC5B27912E260013BEF4 /* Recipes.swift in Sources */,
				070DCC39278E691D0013BEF4 /* RABodyLabel.swift in Sources */,
				070DCC15278E22470013BEF4 /* AppDelegate.swift in Sources */,
				070DCC17278E22470013BEF4 /* SceneDelegate.swift in Sources */,
			);
			runOnlyForDeploymentPostprocessing = 0;
		};
/* End PBXSourcesBuildPhase section */

/* Begin PBXVariantGroup section */
		070DCC1F278E22470013BEF4 /* LaunchScreen.storyboard */ = {
			isa = PBXVariantGroup;
			children = (
				070DCC20278E22470013BEF4 /* Base */,
			);
			name = LaunchScreen.storyboard;
			sourceTree = "<group>";
		};
/* End PBXVariantGroup section */

/* Begin XCBuildConfiguration section */
		070DCC23278E22470013BEF4 /* Debug */ = {
			isa = XCBuildConfiguration;
			buildSettings = {
				ALWAYS_SEARCH_USER_PATHS = NO;
				CLANG_ANALYZER_NONNULL = YES;
				CLANG_ANALYZER_NUMBER_OBJECT_CONVERSION = YES_AGGRESSIVE;
				CLANG_CXX_LANGUAGE_STANDARD = "gnu++14";
				CLANG_CXX_LIBRARY = "libc++";
				CLANG_ENABLE_MODULES = YES;
				CLANG_ENABLE_OBJC_ARC = YES;
				CLANG_ENABLE_OBJC_WEAK = YES;
				CLANG_WARN_BLOCK_CAPTURE_AUTORELEASING = YES;
				CLANG_WARN_BOOL_CONVERSION = YES;
				CLANG_WARN_COMMA = YES;
				CLANG_WARN_CONSTANT_CONVERSION = YES;
				CLANG_WARN_DEPRECATED_OBJC_IMPLEMENTATIONS = YES;
				CLANG_WARN_DIRECT_OBJC_ISA_USAGE = YES_ERROR;
				CLANG_WARN_DOCUMENTATION_COMMENTS = YES;
				CLANG_WARN_EMPTY_BODY = YES;
				CLANG_WARN_ENUM_CONVERSION = YES;
				CLANG_WARN_INFINITE_RECURSION = YES;
				CLANG_WARN_INT_CONVERSION = YES;
				CLANG_WARN_NON_LITERAL_NULL_CONVERSION = YES;
				CLANG_WARN_OBJC_IMPLICIT_RETAIN_SELF = YES;
				CLANG_WARN_OBJC_LITERAL_CONVERSION = YES;
				CLANG_WARN_OBJC_ROOT_CLASS = YES_ERROR;
				CLANG_WARN_QUOTED_INCLUDE_IN_FRAMEWORK_HEADER = YES;
				CLANG_WARN_RANGE_LOOP_ANALYSIS = YES;
				CLANG_WARN_STRICT_PROTOTYPES = YES;
				CLANG_WARN_SUSPICIOUS_MOVE = YES;
				CLANG_WARN_UNGUARDED_AVAILABILITY = YES_AGGRESSIVE;
				CLANG_WARN_UNREACHABLE_CODE = YES;
				CLANG_WARN__DUPLICATE_METHOD_MATCH = YES;
				COPY_PHASE_STRIP = NO;
				DEBUG_INFORMATION_FORMAT = dwarf;
				ENABLE_STRICT_OBJC_MSGSEND = YES;
				ENABLE_TESTABILITY = YES;
				GCC_C_LANGUAGE_STANDARD = gnu11;
				GCC_DYNAMIC_NO_PIC = NO;
				GCC_NO_COMMON_BLOCKS = YES;
				GCC_OPTIMIZATION_LEVEL = 0;
				GCC_PREPROCESSOR_DEFINITIONS = (
					"DEBUG=1",
					"$(inherited)",
				);
				GCC_WARN_64_TO_32_BIT_CONVERSION = YES;
				GCC_WARN_ABOUT_RETURN_TYPE = YES_ERROR;
				GCC_WARN_UNDECLARED_SELECTOR = YES;
				GCC_WARN_UNINITIALIZED_AUTOS = YES_AGGRESSIVE;
				GCC_WARN_UNUSED_FUNCTION = YES;
				GCC_WARN_UNUSED_VARIABLE = YES;
				IPHONEOS_DEPLOYMENT_TARGET = 14.5;
				MTL_ENABLE_DEBUG_INFO = INCLUDE_SOURCE;
				MTL_FAST_MATH = YES;
				ONLY_ACTIVE_ARCH = YES;
				SDKROOT = iphoneos;
				SWIFT_ACTIVE_COMPILATION_CONDITIONS = DEBUG;
				SWIFT_OPTIMIZATION_LEVEL = "-Onone";
			};
			name = Debug;
		};
		070DCC24278E22470013BEF4 /* Release */ = {
			isa = XCBuildConfiguration;
			buildSettings = {
				ALWAYS_SEARCH_USER_PATHS = NO;
				CLANG_ANALYZER_NONNULL = YES;
				CLANG_ANALYZER_NUMBER_OBJECT_CONVERSION = YES_AGGRESSIVE;
				CLANG_CXX_LANGUAGE_STANDARD = "gnu++14";
				CLANG_CXX_LIBRARY = "libc++";
				CLANG_ENABLE_MODULES = YES;
				CLANG_ENABLE_OBJC_ARC = YES;
				CLANG_ENABLE_OBJC_WEAK = YES;
				CLANG_WARN_BLOCK_CAPTURE_AUTORELEASING = YES;
				CLANG_WARN_BOOL_CONVERSION = YES;
				CLANG_WARN_COMMA = YES;
				CLANG_WARN_CONSTANT_CONVERSION = YES;
				CLANG_WARN_DEPRECATED_OBJC_IMPLEMENTATIONS = YES;
				CLANG_WARN_DIRECT_OBJC_ISA_USAGE = YES_ERROR;
				CLANG_WARN_DOCUMENTATION_COMMENTS = YES;
				CLANG_WARN_EMPTY_BODY = YES;
				CLANG_WARN_ENUM_CONVERSION = YES;
				CLANG_WARN_INFINITE_RECURSION = YES;
				CLANG_WARN_INT_CONVERSION = YES;
				CLANG_WARN_NON_LITERAL_NULL_CONVERSION = YES;
				CLANG_WARN_OBJC_IMPLICIT_RETAIN_SELF = YES;
				CLANG_WARN_OBJC_LITERAL_CONVERSION = YES;
				CLANG_WARN_OBJC_ROOT_CLASS = YES_ERROR;
				CLANG_WARN_QUOTED_INCLUDE_IN_FRAMEWORK_HEADER = YES;
				CLANG_WARN_RANGE_LOOP_ANALYSIS = YES;
				CLANG_WARN_STRICT_PROTOTYPES = YES;
				CLANG_WARN_SUSPICIOUS_MOVE = YES;
				CLANG_WARN_UNGUARDED_AVAILABILITY = YES_AGGRESSIVE;
				CLANG_WARN_UNREACHABLE_CODE = YES;
				CLANG_WARN__DUPLICATE_METHOD_MATCH = YES;
				COPY_PHASE_STRIP = NO;
				DEBUG_INFORMATION_FORMAT = "dwarf-with-dsym";
				ENABLE_NS_ASSERTIONS = NO;
				ENABLE_STRICT_OBJC_MSGSEND = YES;
				GCC_C_LANGUAGE_STANDARD = gnu11;
				GCC_NO_COMMON_BLOCKS = YES;
				GCC_WARN_64_TO_32_BIT_CONVERSION = YES;
				GCC_WARN_ABOUT_RETURN_TYPE = YES_ERROR;
				GCC_WARN_UNDECLARED_SELECTOR = YES;
				GCC_WARN_UNINITIALIZED_AUTOS = YES_AGGRESSIVE;
				GCC_WARN_UNUSED_FUNCTION = YES;
				GCC_WARN_UNUSED_VARIABLE = YES;
				IPHONEOS_DEPLOYMENT_TARGET = 14.5;
				MTL_ENABLE_DEBUG_INFO = NO;
				MTL_FAST_MATH = YES;
				SDKROOT = iphoneos;
				SWIFT_COMPILATION_MODE = wholemodule;
				SWIFT_OPTIMIZATION_LEVEL = "-O";
				VALIDATE_PRODUCT = YES;
			};
			name = Release;
		};
		070DCC26278E22470013BEF4 /* Debug */ = {
			isa = XCBuildConfiguration;
			buildSettings = {
				ASSETCATALOG_COMPILER_APPICON_NAME = AppIcon;
				ASSETCATALOG_COMPILER_GLOBAL_ACCENT_COLOR_NAME = AccentColor;
				CODE_SIGN_STYLE = Automatic;
				DEVELOPMENT_TEAM = 7U8WG8PZS5;
				INFOPLIST_FILE = "Recipe App/Info.plist";
				LD_RUNPATH_SEARCH_PATHS = (
					"$(inherited)",
					"@executable_path/Frameworks",
				);
				PRODUCT_BUNDLE_IDENTIFIER = "com.meekam-okeke.Recipe-App";
				PRODUCT_NAME = "$(TARGET_NAME)";
				SWIFT_VERSION = 5.0;
				TARGETED_DEVICE_FAMILY = "1,2";
			};
			name = Debug;
		};
		070DCC27278E22470013BEF4 /* Release */ = {
			isa = XCBuildConfiguration;
			buildSettings = {
				ASSETCATALOG_COMPILER_APPICON_NAME = AppIcon;
				ASSETCATALOG_COMPILER_GLOBAL_ACCENT_COLOR_NAME = AccentColor;
				CODE_SIGN_STYLE = Automatic;
				DEVELOPMENT_TEAM = 7U8WG8PZS5;
				INFOPLIST_FILE = "Recipe App/Info.plist";
				LD_RUNPATH_SEARCH_PATHS = (
					"$(inherited)",
					"@executable_path/Frameworks",
				);
				PRODUCT_BUNDLE_IDENTIFIER = "com.meekam-okeke.Recipe-App";
				PRODUCT_NAME = "$(TARGET_NAME)";
				SWIFT_VERSION = 5.0;
				TARGETED_DEVICE_FAMILY = "1,2";
			};
			name = Release;
		};
/* End XCBuildConfiguration section */

/* Begin XCConfigurationList section */
		070DCC0C278E22470013BEF4 /* Build configuration list for PBXProject "Recipe App" */ = {
			isa = XCConfigurationList;
			buildConfigurations = (
				070DCC23278E22470013BEF4 /* Debug */,
				070DCC24278E22470013BEF4 /* Release */,
			);
			defaultConfigurationIsVisible = 0;
			defaultConfigurationName = Release;
		};
		070DCC25278E22470013BEF4 /* Build configuration list for PBXNativeTarget "Recipe App" */ = {
			isa = XCConfigurationList;
			buildConfigurations = (
				070DCC26278E22470013BEF4 /* Debug */,
				070DCC27278E22470013BEF4 /* Release */,
			);
			defaultConfigurationIsVisible = 0;
			defaultConfigurationName = Release;
		};
/* End XCConfigurationList section */
	};
	rootObject = 070DCC09278E22470013BEF4 /* Project object */;
}
